
Microsoft Visual Studio Solution File, Format Version 12.00
# Visual Studio Version 16
VisualStudioVersion = 16.0.30717.126
MinimumVisualStudioVersion = 10.0.40219.1
Project("{FAE04EC0-301F-11D3-BF4B-00C04F79EFBC}") = "LocalDB_Example", "LocalDB_Example\LocalDB_Example.csproj", "{1D0C1727-6622-4DE8-AAFF-89E64E6C56AB}"
EndProject
Global
	GlobalSection(SolutionConfigurationPlatforms) = preSolution
		Debug|Any CPU = Debug|Any CPU
		Release|Any CPU = Release|Any CPU
	EndGlobalSection
	GlobalSection(ProjectConfigurationPlatforms) = postSolution
		{1D0C1727-6622-4DE8-AAFF-89E64E6C56AB}.Debug|Any CPU.ActiveCfg = Debug|Any CPU
		{1D0C1727-6622-4DE8-AAFF-89E64E6C56AB}.Debug|Any CPU.Build.0 = Debug|Any CPU
		{1D0C1727-6622-4DE8-AAFF-89E64E6C56AB}.Release|Any CPU.ActiveCfg = Release|Any CPU
		{1D0C1727-6622-4DE8-AAFF-89E64E6C56AB}.Release|Any CPU.Build.0 = Release|Any CPU
	EndGlobalSection
	GlobalSection(SolutionProperties) = preSolution
		HideSolutionNode = FALSE
	EndGlobalSection
	GlobalSection(ExtensibilityGlobals) = postSolution
		SolutionGuid = {6A0D7EE6-8058-496F-8E3F-F67BDC72DEA6}
	EndGlobalSection
EndGlobal
